
Microsoft Visual Studio Solution File, Format Version 12.00
# Visual Studio Version 17
VisualStudioVersion = 17.14.36109.1 d17.14
MinimumVisualStudioVersion = 10.0.40219.1
Project("{FAE04EC0-301F-11D3-BF4B-00C04F79EFBC}") = "GraphqlTask", "GraphqlTask\GraphqlTask.csproj", "{74EB07C5-7564-40C4-8A2B-52A0330C6BA9}"
EndProject
Global
	GlobalSection(SolutionConfigurationPlatforms) = preSolution
		Debug|Any CPU = Debug|Any CPU
		Release|Any CPU = Release|Any CPU
	EndGlobalSection
	GlobalSection(ProjectConfigurationPlatforms) = postSolution
		{74EB07C5-7564-40C4-8A2B-52A0330C6BA9}.Debug|Any CPU.ActiveCfg = Debug|Any CPU
		{74EB07C5-7564-40C4-8A2B-52A0330C6BA9}.Debug|Any CPU.Build.0 = Debug|Any CPU
		{74EB07C5-7564-40C4-8A2B-52A0330C6BA9}.Release|Any CPU.ActiveCfg = Release|Any CPU
		{74EB07C5-7564-40C4-8A2B-52A0330C6BA9}.Release|Any CPU.Build.0 = Release|Any CPU
	EndGlobalSection
	GlobalSection(SolutionProperties) = preSolution
		HideSolutionNode = FALSE
	EndGlobalSection
	GlobalSection(ExtensibilityGlobals) = postSolution
		SolutionGuid = {B25E32F7-57F0-406D-94AE-24C8EA81AE68}
	EndGlobalSection
EndGlobal
